
Microsoft Visual Studio Solution File, Format Version 12.00
# Visual Studio Version 17
VisualStudioVersion = 17.0.31903.59
MinimumVisualStudioVersion = 10.0.40219.1
Project("{2150E333-8FDC-42A3-9474-1A3956D46DE8}") = "tests", "tests", "{337D34BA-160E-497C-9D0C-8BEF9C9B718A}"
EndProject
Project("{2150E333-8FDC-42A3-9474-1A3956D46DE8}") = "Solution items", "Solution items", "{DE0BDF56-16B2-437E-9277-ACE6876E2209}"
	ProjectSection(SolutionItems) = preProject
		.gitignore = .gitignore
		LICENSE.md = LICENSE.md
		README.md = README.md
	EndProjectSection
EndProject
Project("{9A19103F-16F7-4668-BE54-9A1E7A4F7556}") = "Examples.Allure.SpecFlow.Test", "tests\Examples.Allure.SpecFlow.Test\Examples.Allure.SpecFlow.Test.csproj", "{093102C4-1949-45C6-ABE5-CF372A1EC551}"
EndProject

Global
	GlobalSection(SolutionConfigurationPlatforms) = preSolution
		Debug|Any CPU = Debug|Any CPU
		Release|Any CPU = Release|Any CPU
	EndGlobalSection
	GlobalSection(ProjectConfigurationPlatforms) = postSolution
		{093102C4-1949-45C6-ABE5-CF372A1EC551}.Debug|Any CPU.ActiveCfg = Debug|Any CPU
		{093102C4-1949-45C6-ABE5-CF372A1EC551}.Debug|Any CPU.Build.0 = Debug|Any CPU
		{093102C4-1949-45C6-ABE5-CF372A1EC551}.Release|Any CPU.ActiveCfg = Release|Any CPU
		{093102C4-1949-45C6-ABE5-CF372A1EC551}.Release|Any CPU.Build.0 = Release|Any CPU
	EndGlobalSection
	GlobalSection(SolutionProperties) = preSolution
		HideSolutionNode = FALSE
	EndGlobalSection
	GlobalSection(NestedProjects) = preSolution
		{093102C4-1949-45C6-ABE5-CF372A1EC551} = {337D34BA-160E-497C-9D0C-8BEF9C9B718A}
	EndGlobalSection
	GlobalSection(ExtensibilityGlobals) = postSolution
		SolutionGuid = {F589C26B-5766-4D4F-82B7-4FF1B33BB245}
	EndGlobalSection
EndGlobal
